
Microsoft Visual Studio Solution File, Format Version 12.00
# Visual Studio Version 16
VisualStudioVersion = 16.0.29009.5
MinimumVisualStudioVersion = 10.0.40219.1
Project("{F184B08F-C81C-45F6-A57F-5ABD9991F28F}") = "ListAndComboBox", "ListAndComboBox\ListAndComboBox.vbproj", "{D4C1AC29-9BDC-4D0B-A021-33EDAD033EAE}"
EndProject
Global
	GlobalSection(SolutionConfigurationPlatforms) = preSolution
		Debug|Any CPU = Debug|Any CPU
		Release|Any CPU = Release|Any CPU
	EndGlobalSection
	GlobalSection(ProjectConfigurationPlatforms) = postSolution
		{D4C1AC29-9BDC-4D0B-A021-33EDAD033EAE}.Debug|Any CPU.ActiveCfg = Debug|Any CPU
		{D4C1AC29-9BDC-4D0B-A021-33EDAD033EAE}.Debug|Any CPU.Build.0 = Debug|Any CPU
		{D4C1AC29-9BDC-4D0B-A021-33EDAD033EAE}.Release|Any CPU.ActiveCfg = Release|Any CPU
		{D4C1AC29-9BDC-4D0B-A021-33EDAD033EAE}.Release|Any CPU.Build.0 = Release|Any CPU
	EndGlobalSection
	GlobalSection(SolutionProperties) = preSolution
		HideSolutionNode = FALSE
	EndGlobalSection
	GlobalSection(ExtensibilityGlobals) = postSolution
		SolutionGuid = {6D0CEC0A-B153-4CEC-821E-3901228825DD}
	EndGlobalSection
EndGlobal
